
Microsoft Visual Studio Solution File, Format Version 12.00
# Visual Studio 14
VisualStudioVersion = 14.0.25420.1
MinimumVisualStudioVersion = 10.0.40219.1
Project("{FAE04EC0-301F-11D3-BF4B-00C04F79EFBC}") = "MVC6amCoolestBatch", "MVC6amCoolestBatch\MVC6amCoolestBatch.csproj", "{29C8EB45-E110-454D-975F-9E7D8164FB66}"
EndProject
Project("{FAE04EC0-301F-11D3-BF4B-00C04F79EFBC}") = "DapperExample", "DapperExample\DapperExample.csproj", "{12192889-C842-435C-8295-88CADC185F44}"
EndProject
Global
	GlobalSection(SolutionConfigurationPlatforms) = preSolution
		Debug|Any CPU = Debug|Any CPU
		Release|Any CPU = Release|Any CPU
	EndGlobalSection
	GlobalSection(ProjectConfigurationPlatforms) = postSolution
		{29C8EB45-E110-454D-975F-9E7D8164FB66}.Debug|Any CPU.ActiveCfg = Debug|Any CPU
		{29C8EB45-E110-454D-975F-9E7D8164FB66}.Debug|Any CPU.Build.0 = Debug|Any CPU
		{29C8EB45-E110-454D-975F-9E7D8164FB66}.Release|Any CPU.ActiveCfg = Release|Any CPU
		{29C8EB45-E110-454D-975F-9E7D8164FB66}.Release|Any CPU.Build.0 = Release|Any CPU
		{12192889-C842-435C-8295-88CADC185F44}.Debug|Any CPU.ActiveCfg = Debug|Any CPU
		{12192889-C842-435C-8295-88CADC185F44}.Debug|Any CPU.Build.0 = Debug|Any CPU
		{12192889-C842-435C-8295-88CADC185F44}.Release|Any CPU.ActiveCfg = Release|Any CPU
		{12192889-C842-435C-8295-88CADC185F44}.Release|Any CPU.Build.0 = Release|Any CPU
	EndGlobalSection
	GlobalSection(SolutionProperties) = preSolution
		HideSolutionNode = FALSE
	EndGlobalSection
EndGlobal
